
Microsoft Visual Studio Solution File, Format Version 12.00
# Visual Studio 15
VisualStudioVersion = 15.0.28307.902
MinimumVisualStudioVersion = 10.0.40219.1
Project("{FAE04EC0-301F-11D3-BF4B-00C04F79EFBC}") = "XLMultiplayer", "XLMultiplayer\XLMultiplayer.csproj", "{A406ECA9-E864-4EB8-93D7-2288AFDA3A38}"
EndProject
Project("{2150E333-8FDC-42A3-9474-1A3956D46DE8}") = "Solution Items", "Solution Items", "{CC3C3410-AF25-4F57-AFAC-C0D23A86E33D}"
EndProject
Project("{FAE04EC0-301F-11D3-BF4B-00C04F79EFBC}") = "XLMultiplayerServer", "XLMultiplayerServer\XLMultiplayerServer.csproj", "{06A13D65-CF19-44F3-94D3-28B94727B64F}"
EndProject
Project("{FAE04EC0-301F-11D3-BF4B-00C04F79EFBC}") = "XLMultiplayerServerConsoleApp", "XLMultiplayerServerConsoleApp\XLMultiplayerServerConsoleApp.csproj", "{2E5BC7CF-9ADB-4CAC-A6C8-5010A632CAAA}"
EndProject
Project("{FAE04EC0-301F-11D3-BF4B-00C04F79EFBC}") = "XLMultiplayerGUIApp", "XLMultiplayerGUIApp\XLMultiplayerGUIApp.csproj", "{8DD5C4BD-0ADC-4B34-8066-9C99FDA9BDF5}"
EndProject
Global
	GlobalSection(SolutionConfigurationPlatforms) = preSolution
		Debug|Any CPU = Debug|Any CPU
		Debug|x64 = Debug|x64
		Release|Any CPU = Release|Any CPU
		Release|x64 = Release|x64
	EndGlobalSection
	GlobalSection(ProjectConfigurationPlatforms) = postSolution
		{A406ECA9-E864-4EB8-93D7-2288AFDA3A38}.Debug|Any CPU.ActiveCfg = Debug|Any CPU
		{A406ECA9-E864-4EB8-93D7-2288AFDA3A38}.Debug|Any CPU.Build.0 = Debug|Any CPU
		{A406ECA9-E864-4EB8-93D7-2288AFDA3A38}.Debug|x64.ActiveCfg = Debug|x64
		{A406ECA9-E864-4EB8-93D7-2288AFDA3A38}.Debug|x64.Build.0 = Debug|x64
		{A406ECA9-E864-4EB8-93D7-2288AFDA3A38}.Release|Any CPU.ActiveCfg = Release|x64
		{A406ECA9-E864-4EB8-93D7-2288AFDA3A38}.Release|Any CPU.Build.0 = Release|x64
		{A406ECA9-E864-4EB8-93D7-2288AFDA3A38}.Release|x64.ActiveCfg = Release|x64
		{A406ECA9-E864-4EB8-93D7-2288AFDA3A38}.Release|x64.Build.0 = Release|x64
		{06A13D65-CF19-44F3-94D3-28B94727B64F}.Debug|Any CPU.ActiveCfg = Debug|Any CPU
		{06A13D65-CF19-44F3-94D3-28B94727B64F}.Debug|Any CPU.Build.0 = Debug|Any CPU
		{06A13D65-CF19-44F3-94D3-28B94727B64F}.Debug|x64.ActiveCfg = Debug|x64
		{06A13D65-CF19-44F3-94D3-28B94727B64F}.Debug|x64.Build.0 = Debug|x64
		{06A13D65-CF19-44F3-94D3-28B94727B64F}.Release|Any CPU.ActiveCfg = Release|Any CPU
		{06A13D65-CF19-44F3-94D3-28B94727B64F}.Release|Any CPU.Build.0 = Release|Any CPU
		{06A13D65-CF19-44F3-94D3-28B94727B64F}.Release|x64.ActiveCfg = Release|x64
		{06A13D65-CF19-44F3-94D3-28B94727B64F}.Release|x64.Build.0 = Release|x64
		{2E5BC7CF-9ADB-4CAC-A6C8-5010A632CAAA}.Debug|Any CPU.ActiveCfg = Debug|Any CPU
		{2E5BC7CF-9ADB-4CAC-A6C8-5010A632CAAA}.Debug|Any CPU.Build.0 = Debug|Any CPU
		{2E5BC7CF-9ADB-4CAC-A6C8-5010A632CAAA}.Debug|x64.ActiveCfg = Debug|Any CPU
		{2E5BC7CF-9ADB-4CAC-A6C8-5010A632CAAA}.Debug|x64.Build.0 = Debug|Any CPU
		{2E5BC7CF-9ADB-4CAC-A6C8-5010A632CAAA}.Release|Any CPU.ActiveCfg = Release|Any CPU
		{2E5BC7CF-9ADB-4CAC-A6C8-5010A632CAAA}.Release|Any CPU.Build.0 = Release|Any CPU
		{2E5BC7CF-9ADB-4CAC-A6C8-5010A632CAAA}.Release|x64.ActiveCfg = Release|Any CPU
		{2E5BC7CF-9ADB-4CAC-A6C8-5010A632CAAA}.Release|x64.Build.0 = Release|Any CPU
		{8DD5C4BD-0ADC-4B34-8066-9C99FDA9BDF5}.Debug|Any CPU.ActiveCfg = Debug|Any CPU
		{8DD5C4BD-0ADC-4B34-8066-9C99FDA9BDF5}.Debug|Any CPU.Build.0 = Debug|Any CPU
		{8DD5C4BD-0ADC-4B34-8066-9C99FDA9BDF5}.Debug|x64.ActiveCfg = Debug|Any CPU
		{8DD5C4BD-0ADC-4B34-8066-9C99FDA9BDF5}.Debug|x64.Build.0 = Debug|Any CPU
		{8DD5C4BD-0ADC-4B34-8066-9C99FDA9BDF5}.Release|Any CPU.ActiveCfg = Release|Any CPU
		{8DD5C4BD-0ADC-4B34-8066-9C99FDA9BDF5}.Release|Any CPU.Build.0 = Release|Any CPU
		{8DD5C4BD-0ADC-4B34-8066-9C99FDA9BDF5}.Release|x64.ActiveCfg = Release|Any CPU
		{8DD5C4BD-0ADC-4B34-8066-9C99FDA9BDF5}.Release|x64.Build.0 = Release|Any CPU
	EndGlobalSection
	GlobalSection(SolutionProperties) = preSolution
		HideSolutionNode = FALSE
	EndGlobalSection
	GlobalSection(ExtensibilityGlobals) = postSolution
		SolutionGuid = {F1A7A010-8EA8-46EC-8AEF-167E9F1174D2}
	EndGlobalSection
EndGlobal
