
Microsoft Visual Studio Solution File, Format Version 12.00
# Visual Studio 15
VisualStudioVersion = 15.0.28307.705
MinimumVisualStudioVersion = 10.0.40219.1
Project("{FAE04EC0-301F-11D3-BF4B-00C04F79EFBC}") = "XLMultiplayerServer", "XLMultiplayerServer\XLMultiplayerServer.csproj", "{06A13D65-CF19-44F3-94D3-28B94727B64F}"
EndProject
Global
	GlobalSection(SolutionConfigurationPlatforms) = preSolution
		Debug|Any CPU = Debug|Any CPU
		Release|Any CPU = Release|Any CPU
	EndGlobalSection
	GlobalSection(ProjectConfigurationPlatforms) = postSolution
		{06A13D65-CF19-44F3-94D3-28B94727B64F}.Debug|Any CPU.ActiveCfg = Debug|Any CPU
		{06A13D65-CF19-44F3-94D3-28B94727B64F}.Debug|Any CPU.Build.0 = Debug|Any CPU
		{06A13D65-CF19-44F3-94D3-28B94727B64F}.Release|Any CPU.ActiveCfg = Release|Any CPU
		{06A13D65-CF19-44F3-94D3-28B94727B64F}.Release|Any CPU.Build.0 = Release|Any CPU
	EndGlobalSection
	GlobalSection(SolutionProperties) = preSolution
		HideSolutionNode = FALSE
	EndGlobalSection
	GlobalSection(ExtensibilityGlobals) = postSolution
		SolutionGuid = {761EE80A-8865-499D-8949-C871697A52F9}
	EndGlobalSection
EndGlobal
